
Microsoft Visual Studio Solution File, Format Version 12.00
Project("{FAE04EC0-301F-11D3-BF4B-00C04F79EFBC}") = "BlackArm.API", "BlackArm.API\BlackArm.API.csproj", "{1A02223F-3204-452A-A2B0-E68290DEFF96}"
EndProject
Project("{FAE04EC0-301F-11D3-BF4B-00C04F79EFBC}") = "BlackArm.Domain", "BlackArm.Domain\BlackArm.Domain.csproj", "{7B61CE40-6459-44BC-A380-A31C97CBE094}"
EndProject
Project("{FAE04EC0-301F-11D3-BF4B-00C04F79EFBC}") = "BlackArm.Infrastructure", "BlackArm.Infrastructure\BlackArm.Infrastructure.csproj", "{84950E05-84F8-4E9E-AF7C-1E045FEA8E61}"
EndProject
Project("{FAE04EC0-301F-11D3-BF4B-00C04F79EFBC}") = "BlackArm.Application", "BlackArm.Application\BlackArm.Application.csproj", "{B96FBAF9-77C6-430A-BFD5-DAF314B60D56}"
EndProject
Global
	GlobalSection(SolutionConfigurationPlatforms) = preSolution
		Debug|Any CPU = Debug|Any CPU
		Release|Any CPU = Release|Any CPU
	EndGlobalSection
	GlobalSection(ProjectConfigurationPlatforms) = postSolution
		{1A02223F-3204-452A-A2B0-E68290DEFF96}.Debug|Any CPU.ActiveCfg = Debug|Any CPU
		{1A02223F-3204-452A-A2B0-E68290DEFF96}.Debug|Any CPU.Build.0 = Debug|Any CPU
		{1A02223F-3204-452A-A2B0-E68290DEFF96}.Release|Any CPU.ActiveCfg = Release|Any CPU
		{1A02223F-3204-452A-A2B0-E68290DEFF96}.Release|Any CPU.Build.0 = Release|Any CPU
		{7B61CE40-6459-44BC-A380-A31C97CBE094}.Debug|Any CPU.ActiveCfg = Debug|Any CPU
		{7B61CE40-6459-44BC-A380-A31C97CBE094}.Debug|Any CPU.Build.0 = Debug|Any CPU
		{7B61CE40-6459-44BC-A380-A31C97CBE094}.Release|Any CPU.ActiveCfg = Release|Any CPU
		{7B61CE40-6459-44BC-A380-A31C97CBE094}.Release|Any CPU.Build.0 = Release|Any CPU
		{84950E05-84F8-4E9E-AF7C-1E045FEA8E61}.Debug|Any CPU.ActiveCfg = Debug|Any CPU
		{84950E05-84F8-4E9E-AF7C-1E045FEA8E61}.Debug|Any CPU.Build.0 = Debug|Any CPU
		{84950E05-84F8-4E9E-AF7C-1E045FEA8E61}.Release|Any CPU.ActiveCfg = Release|Any CPU
		{84950E05-84F8-4E9E-AF7C-1E045FEA8E61}.Release|Any CPU.Build.0 = Release|Any CPU
		{B96FBAF9-77C6-430A-BFD5-DAF314B60D56}.Debug|Any CPU.ActiveCfg = Debug|Any CPU
		{B96FBAF9-77C6-430A-BFD5-DAF314B60D56}.Debug|Any CPU.Build.0 = Debug|Any CPU
		{B96FBAF9-77C6-430A-BFD5-DAF314B60D56}.Release|Any CPU.ActiveCfg = Release|Any CPU
		{B96FBAF9-77C6-430A-BFD5-DAF314B60D56}.Release|Any CPU.Build.0 = Release|Any CPU
	EndGlobalSection
EndGlobal
